// !$*UTF8*$!
{
	archiveVersion = 1;
	classes = {
	};
	objectVersion = 46;
	objects = {

/* Begin PBXBuildFile section */
		0924AA621A4481E4005A3ECE /* main.m in Sources */ = {isa = PBXBuildFile; fileRef = 0924AA611A4481E4005A3ECE /* main.m */; };
		0924AA651A4481E4005A3ECE /* AppDelegate.m in Sources */ = {isa = PBXBuildFile; fileRef = 0924AA641A4481E4005A3ECE /* AppDelegate.m */; };
		0924AA681A4481E4005A3ECE /* ViewController.m in Sources */ = {isa = PBXBuildFile; fileRef = 0924AA671A4481E4005A3ECE /* ViewController.m */; };
		0924AA6D1A4481E4005A3ECE /* Images.xcassets in Resources */ = {isa = PBXBuildFile; fileRef = 0924AA6C1A4481E4005A3ECE /* Images.xcassets */; };
		0924AA701A4481E4005A3ECE /* LaunchScreen.xib in Resources */ = {isa = PBXBuildFile; fileRef = 0924AA6E1A4481E4005A3ECE /* LaunchScreen.xib */; };
		0924AA7C1A4481E4005A3ECE /* multiplicationTableTests.m in Sources */ = {isa = PBXBuildFile; fileRef = 0924AA7B1A4481E4005A3ECE /* multiplicationTableTests.m */; };
		0924AA901A4495D5005A3ECE /* test.m in Sources */ = {isa = PBXBuildFile; fileRef = 0924AA8F1A4495D5005A3ECE /* test.m */; };
		09F4395C1A49BF0F005D8C4D /* user.m in Sources */ = {isa = PBXBuildFile; fileRef = 09F4395B1A49BF0F005D8C4D /* user.m */; };
		09F4395F1A49BF79005D8C4D /* storageEngine.m in Sources */ = {isa = PBXBuildFile; fileRef = 09F4395E1A49BF79005D8C4D /* storageEngine.m */; };
		09F439621A49CA6B005D8C4D /* multiplicationTable.storyboard in Resources */ = {isa = PBXBuildFile; fileRef = 09F439601A49CA6B005D8C4D /* multiplicationTable.storyboard */; };
		09F439661A49CB38005D8C4D /* selectUser.m in Sources */ = {isa = PBXBuildFile; fileRef = 09F439651A49CB38005D8C4D /* selectUser.m */; };
/* End PBXBuildFile section */

/* Begin PBXContainerItemProxy section */
		0924AA761A4481E4005A3ECE /* PBXContainerItemProxy */ = {
			isa = PBXContainerItemProxy;
			containerPortal = 0924AA541A4481E4005A3ECE /* Project object */;
			proxyType = 1;
			remoteGlobalIDString = 0924AA5B1A4481E4005A3ECE;
			remoteInfo = multiplicationTable;
		};
/* End PBXContainerItemProxy section */

/* Begin PBXFileReference section */
		0924AA5C1A4481E4005A3ECE /* multiplicationTable.app */ = {isa = PBXFileReference; explicitFileType = wrapper.application; includeInIndex = 0; path = multiplicationTable.app; sourceTree = BUILT_PRODUCTS_DIR; };
		0924AA601A4481E4005A3ECE /* Info.plist */ = {isa = PBXFileReference; lastKnownFileType = text.plist.xml; path = Info.plist; sourceTree = "<group>"; };
		0924AA611A4481E4005A3ECE /* main.m */ = {isa = PBXFileReference; lastKnownFileType = sourcecode.c.objc; path = main.m; sourceTree = "<group>"; };
		0924AA631A4481E4005A3ECE /* AppDelegate.h */ = {isa = PBXFileReference; lastKnownFileType = sourcecode.c.h; path = AppDelegate.h; sourceTree = "<group>"; };
		0924AA641A4481E4005A3ECE /* AppDelegate.m */ = {isa = PBXFileReference; lastKnownFileType = sourcecode.c.objc; path = AppDelegate.m; sourceTree = "<group>"; };
		0924AA661A4481E4005A3ECE /* ViewController.h */ = {isa = PBXFileReference; lastKnownFileType = sourcecode.c.h; path = ViewController.h; sourceTree = "<group>"; };
		0924AA671A4481E4005A3ECE /* ViewController.m */ = {isa = PBXFileReference; lastKnownFileType = sourcecode.c.objc; path = ViewController.m; sourceTree = "<group>"; };
		0924AA6C1A4481E4005A3ECE /* Images.xcassets */ = {isa = PBXFileReference; lastKnownFileType = folder.assetcatalog; path = Images.xcassets; sourceTree = "<group>"; };
		0924AA6F1A4481E4005A3ECE /* Base */ = {isa = PBXFileReference; lastKnownFileType = file.xib; name = Base; path = Base.lproj/LaunchScreen.xib; sourceTree = "<group>"; };
		0924AA751A4481E4005A3ECE /* multiplicationTableTests.xctest */ = {isa = PBXFileReference; explicitFileType = wrapper.cfbundle; includeInIndex = 0; path = multiplicationTableTests.xctest; sourceTree = BUILT_PRODUCTS_DIR; };
		0924AA7A1A4481E4005A3ECE /* Info.plist */ = {isa = PBXFileReference; lastKnownFileType = text.plist.xml; path = Info.plist; sourceTree = "<group>"; };
		0924AA7B1A4481E4005A3ECE /* multiplicationTableTests.m */ = {isa = PBXFileReference; lastKnownFileType = sourcecode.c.objc; path = multiplicationTableTests.m; sourceTree = "<group>"; };
		0924AA8E1A4495D5005A3ECE /* test.h */ = {isa = PBXFileReference; fileEncoding = 4; lastKnownFileType = sourcecode.c.h; path = test.h; sourceTree = "<group>"; };
		0924AA8F1A4495D5005A3ECE /* test.m */ = {isa = PBXFileReference; fileEncoding = 4; lastKnownFileType = sourcecode.c.objc; path = test.m; sourceTree = "<group>"; };
		09F4395A1A49BF0F005D8C4D /* user.h */ = {isa = PBXFileReference; fileEncoding = 4; lastKnownFileType = sourcecode.c.h; path = user.h; sourceTree = "<group>"; };
		09F4395B1A49BF0F005D8C4D /* user.m */ = {isa = PBXFileReference; fileEncoding = 4; lastKnownFileType = sourcecode.c.objc; path = user.m; sourceTree = "<group>"; };
		09F4395D1A49BF79005D8C4D /* storageEngine.h */ = {isa = PBXFileReference; fileEncoding = 4; lastKnownFileType = sourcecode.c.h; path = storageEngine.h; sourceTree = "<group>"; };
		09F4395E1A49BF79005D8C4D /* storageEngine.m */ = {isa = PBXFileReference; fileEncoding = 4; lastKnownFileType = sourcecode.c.objc; path = storageEngine.m; sourceTree = "<group>"; };
		09F439611A49CA6B005D8C4D /* Base */ = {isa = PBXFileReference; lastKnownFileType = file.storyboard; name = Base; path = Base.lproj/multiplicationTable.storyboard; sourceTree = "<group>"; };
		09F439641A49CB38005D8C4D /* selectUser.h */ = {isa = PBXFileReference; fileEncoding = 4; lastKnownFileType = sourcecode.c.h; path = selectUser.h; sourceTree = "<group>"; };
		09F439651A49CB38005D8C4D /* selectUser.m */ = {isa = PBXFileReference; fileEncoding = 4; lastKnownFileType = sourcecode.c.objc; path = selectUser.m; sourceTree = "<group>"; };
/* End PBXFileReference section */

/* Begin PBXFrameworksBuildPhase section */
		0924AA591A4481E4005A3ECE /* Frameworks */ = {
			isa = PBXFrameworksBuildPhase;
			buildActionMask = 2147483647;
			files = (
			);
			runOnlyForDeploymentPostprocessing = 0;
		};
		0924AA721A4481E4005A3ECE /* Frameworks */ = {
			isa = PBXFrameworksBuildPhase;
			buildActionMask = 2147483647;
			files = (
			);
			runOnlyForDeploymentPostprocessing = 0;
		};
/* End PBXFrameworksBuildPhase section */

/* Begin PBXGroup section */
		0924AA531A4481E4005A3ECE = {
			isa = PBXGroup;
			children = (
				0924AA5E1A4481E4005A3ECE /* multiplicationTable */,
				0924AA781A4481E4005A3ECE /* multiplicationTableTests */,
				0924AA5D1A4481E4005A3ECE /* Products */,
			);
			sourceTree = "<group>";
		};
		0924AA5D1A4481E4005A3ECE /* Products */ = {
			isa = PBXGroup;
			children = (
				0924AA5C1A4481E4005A3ECE /* multiplicationTable.app */,
				0924AA751A4481E4005A3ECE /* multiplicationTableTests.xctest */,
			);
			name = Products;
			sourceTree = "<group>";
		};
		0924AA5E1A4481E4005A3ECE /* multiplicationTable */ = {
			isa = PBXGroup;
			children = (
				0924AA851A448237005A3ECE /* model */,
				0924AA861A448240005A3ECE /* view */,
				0924AA871A448248005A3ECE /* controller */,
				0924AA631A4481E4005A3ECE /* AppDelegate.h */,
				0924AA641A4481E4005A3ECE /* AppDelegate.m */,
				0924AA661A4481E4005A3ECE /* ViewController.h */,
				0924AA671A4481E4005A3ECE /* ViewController.m */,
				09F439601A49CA6B005D8C4D /* multiplicationTable.storyboard */,
				0924AA6C1A4481E4005A3ECE /* Images.xcassets */,
				0924AA6E1A4481E4005A3ECE /* LaunchScreen.xib */,
				0924AA5F1A4481E4005A3ECE /* Supporting Files */,
			);
			path = multiplicationTable;
			sourceTree = "<group>";
		};
		0924AA5F1A4481E4005A3ECE /* Supporting Files */ = {
			isa = PBXGroup;
			children = (
				0924AA601A4481E4005A3ECE /* Info.plist */,
				0924AA611A4481E4005A3ECE /* main.m */,
			);
			name = "Supporting Files";
			sourceTree = "<group>";
		};
		0924AA781A4481E4005A3ECE /* multiplicationTableTests */ = {
			isa = PBXGroup;
			children = (
				0924AA7B1A4481E4005A3ECE /* multiplicationTableTests.m */,
				0924AA791A4481E4005A3ECE /* Supporting Files */,
			);
			path = multiplicationTableTests;
			sourceTree = "<group>";
		};
		0924AA791A4481E4005A3ECE /* Supporting Files */ = {
			isa = PBXGroup;
			children = (
				0924AA7A1A4481E4005A3ECE /* Info.plist */,
			);
			name = "Supporting Files";
			sourceTree = "<group>";
		};
		0924AA851A448237005A3ECE /* model */ = {
			isa = PBXGroup;
			children = (
				09F4395A1A49BF0F005D8C4D /* user.h */,
				09F4395B1A49BF0F005D8C4D /* user.m */,
				09F4395D1A49BF79005D8C4D /* storageEngine.h */,
				09F4395E1A49BF79005D8C4D /* storageEngine.m */,
				0924AA8E1A4495D5005A3ECE /* test.h */,
				0924AA8F1A4495D5005A3ECE /* test.m */,
			);
			name = model;
			sourceTree = "<group>";
		};
		0924AA861A448240005A3ECE /* view */ = {
			isa = PBXGroup;
			children = (
			);
			name = view;
			sourceTree = "<group>";
		};
		0924AA871A448248005A3ECE /* controller */ = {
			isa = PBXGroup;
			children = (
				09F439631A49CB06005D8C4D /* viewController */,
			);
			name = controller;
			sourceTree = "<group>";
		};
		09F439631A49CB06005D8C4D /* viewController */ = {
			isa = PBXGroup;
			children = (
				09F439641A49CB38005D8C4D /* selectUser.h */,
				09F439651A49CB38005D8C4D /* selectUser.m */,
			);
			name = viewController;
			sourceTree = "<group>";
		};
/* End PBXGroup section */

/* Begin PBXNativeTarget section */
		0924AA5B1A4481E4005A3ECE /* multiplicationTable */ = {
			isa = PBXNativeTarget;
			buildConfigurationList = 0924AA7F1A4481E4005A3ECE /* Build configuration list for PBXNativeTarget "multiplicationTable" */;
			buildPhases = (
				0924AA581A4481E4005A3ECE /* Sources */,
				0924AA591A4481E4005A3ECE /* Frameworks */,
				0924AA5A1A4481E4005A3ECE /* Resources */,
			);
			buildRules = (
			);
			dependencies = (
			);
			name = multiplicationTable;
			productName = multiplicationTable;
			productReference = 0924AA5C1A4481E4005A3ECE /* multiplicationTable.app */;
			productType = "com.apple.product-type.application";
		};
		0924AA741A4481E4005A3ECE /* multiplicationTableTests */ = {
			isa = PBXNativeTarget;
			buildConfigurationList = 0924AA821A4481E4005A3ECE /* Build configuration list for PBXNativeTarget "multiplicationTableTests" */;
			buildPhases = (
				0924AA711A4481E4005A3ECE /* Sources */,
				0924AA721A4481E4005A3ECE /* Frameworks */,
				0924AA731A4481E4005A3ECE /* Resources */,
			);
			buildRules = (
			);
			dependencies = (
				0924AA771A4481E4005A3ECE /* PBXTargetDependency */,
			);
			name = multiplicationTableTests;
			productName = multiplicationTableTests;
			productReference = 0924AA751A4481E4005A3ECE /* multiplicationTableTests.xctest */;
			productType = "com.apple.product-type.bundle.unit-test";
		};
/* End PBXNativeTarget section */

/* Begin PBXProject section */
		0924AA541A4481E4005A3ECE /* Project object */ = {
			isa = PBXProject;
			attributes = {
				LastUpgradeCheck = 0610;
				ORGANIZATIONNAME = lagspoon;
				TargetAttributes = {
					0924AA5B1A4481E4005A3ECE = {
						CreatedOnToolsVersion = 6.1.1;
					};
					0924AA741A4481E4005A3ECE = {
						CreatedOnToolsVersion = 6.1.1;
						TestTargetID = 0924AA5B1A4481E4005A3ECE;
					};
				};
			};
			buildConfigurationList = 0924AA571A4481E4005A3ECE /* Build configuration list for PBXProject "multiplicationTable" */;
			compatibilityVersion = "Xcode 3.2";
			developmentRegion = English;
			hasScannedForEncodings = 0;
			knownRegions = (
				en,
				Base,
			);
			mainGroup = 0924AA531A4481E4005A3ECE;
			productRefGroup = 0924AA5D1A4481E4005A3ECE /* Products */;
			projectDirPath = "";
			projectRoot = "";
			targets = (
				0924AA5B1A4481E4005A3ECE /* multiplicationTable */,
				0924AA741A4481E4005A3ECE /* multiplicationTableTests */,
			);
		};
/* End PBXProject section */

/* Begin PBXResourcesBuildPhase section */
		0924AA5A1A4481E4005A3ECE /* Resources */ = {
			isa = PBXResourcesBuildPhase;
			buildActionMask = 2147483647;
			files = (
				0924AA701A4481E4005A3ECE /* LaunchScreen.xib in Resources */,
				0924AA6D1A4481E4005A3ECE /* Images.xcassets in Resources */,
				09F439621A49CA6B005D8C4D /* multiplicationTable.storyboard in Resources */,
			);
			runOnlyForDeploymentPostprocessing = 0;
		};
		0924AA731A4481E4005A3ECE /* Resources */ = {
			isa = PBXResourcesBuildPhase;
			buildActionMask = 2147483647;
			files = (
			);
			runOnlyForDeploymentPostprocessing = 0;
		};
/* End PBXResourcesBuildPhase section */

/* Begin PBXSourcesBuildPhase section */
		0924AA581A4481E4005A3ECE /* Sources */ = {
			isa = PBXSourcesBuildPhase;
			buildActionMask = 2147483647;
			files = (
				0924AA681A4481E4005A3ECE /* ViewController.m in Sources */,
				0924AA651A4481E4005A3ECE /* AppDelegate.m in Sources */,
				09F4395C1A49BF0F005D8C4D /* user.m in Sources */,
				09F4395F1A49BF79005D8C4D /* storageEngine.m in Sources */,
				09F439661A49CB38005D8C4D /* selectUser.m in Sources */,
				0924AA621A4481E4005A3ECE /* main.m in Sources */,
				0924AA901A4495D5005A3ECE /* test.m in Sources */,
			);
			runOnlyForDeploymentPostprocessing = 0;
		};
		0924AA711A4481E4005A3ECE /* Sources */ = {
			isa = PBXSourcesBuildPhase;
			buildActionMask = 2147483647;
			files = (
				0924AA7C1A4481E4005A3ECE /* multiplicationTableTests.m in Sources */,
			);
			runOnlyForDeploymentPostprocessing = 0;
		};
/* End PBXSourcesBuildPhase section */

/* Begin PBXTargetDependency section */
		0924AA771A4481E4005A3ECE /* PBXTargetDependency */ = {
			isa = PBXTargetDependency;
			target = 0924AA5B1A4481E4005A3ECE /* multiplicationTable */;
			targetProxy = 0924AA761A4481E4005A3ECE /* PBXContainerItemProxy */;
		};
/* End PBXTargetDependency section */

/* Begin PBXVariantGroup section */
		0924AA6E1A4481E4005A3ECE /* LaunchScreen.xib */ = {
			isa = PBXVariantGroup;
			children = (
				0924AA6F1A4481E4005A3ECE /* Base */,
			);
			name = LaunchScreen.xib;
			sourceTree = "<group>";
		};
		09F439601A49CA6B005D8C4D /* multiplicationTable.storyboard */ = {
			isa = PBXVariantGroup;
			children = (
				09F439611A49CA6B005D8C4D /* Base */,
			);
			name = multiplicationTable.storyboard;
			sourceTree = "<group>";
		};
/* End PBXVariantGroup section */

/* Begin XCBuildConfiguration section */
		0924AA7D1A4481E4005A3ECE /* Debug */ = {
			isa = XCBuildConfiguration;
			buildSettings = {
				ALWAYS_SEARCH_USER_PATHS = NO;
				CLANG_CXX_LANGUAGE_STANDARD = "gnu++0x";
				CLANG_CXX_LIBRARY = "libc++";
				CLANG_ENABLE_MODULES = YES;
				CLANG_ENABLE_OBJC_ARC = YES;
				CLANG_WARN_BOOL_CONVERSION = YES;
				CLANG_WARN_CONSTANT_CONVERSION = YES;
				CLANG_WARN_DIRECT_OBJC_ISA_USAGE = YES_ERROR;
				CLANG_WARN_EMPTY_BODY = YES;
				CLANG_WARN_ENUM_CONVERSION = YES;
				CLANG_WARN_INT_CONVERSION = YES;
				CLANG_WARN_OBJC_ROOT_CLASS = YES_ERROR;
				CLANG_WARN_UNREACHABLE_CODE = YES;
				CLANG_WARN__DUPLICATE_METHOD_MATCH = YES;
				"CODE_SIGN_IDENTITY[sdk=iphoneos*]" = "iPhone Developer";
				COPY_PHASE_STRIP = NO;
				ENABLE_STRICT_OBJC_MSGSEND = YES;
				GCC_C_LANGUAGE_STANDARD = gnu99;
				GCC_DYNAMIC_NO_PIC = NO;
				GCC_OPTIMIZATION_LEVEL = 0;
				GCC_PREPROCESSOR_DEFINITIONS = (
					"DEBUG=1",
					"$(inherited)",
				);
				GCC_SYMBOLS_PRIVATE_EXTERN = NO;
				GCC_WARN_64_TO_32_BIT_CONVERSION = YES;
				GCC_WARN_ABOUT_RETURN_TYPE = YES_ERROR;
				GCC_WARN_UNDECLARED_SELECTOR = YES;
				GCC_WARN_UNINITIALIZED_AUTOS = YES_AGGRESSIVE;
				GCC_WARN_UNUSED_FUNCTION = YES;
				GCC_WARN_UNUSED_VARIABLE = YES;
				IPHONEOS_DEPLOYMENT_TARGET = 8.1;
				MTL_ENABLE_DEBUG_INFO = YES;
				ONLY_ACTIVE_ARCH = YES;
				SDKROOT = iphoneos;
				TARGETED_DEVICE_FAMILY = "1,2";
			};
			name = Debug;
		};
		0924AA7E1A4481E4005A3ECE /* Release */ = {
			isa = XCBuildConfiguration;
			buildSettings = {
				ALWAYS_SEARCH_USER_PATHS = NO;
				CLANG_CXX_LANGUAGE_STANDARD = "gnu++0x";
				CLANG_CXX_LIBRARY = "libc++";
				CLANG_ENABLE_MODULES = YES;
				CLANG_ENABLE_OBJC_ARC = YES;
				CLANG_WARN_BOOL_CONVERSION = YES;
				CLANG_WARN_CONSTANT_CONVERSION = YES;
				CLANG_WARN_DIRECT_OBJC_ISA_USAGE = YES_ERROR;
				CLANG_WARN_EMPTY_BODY = YES;
				CLANG_WARN_ENUM_CONVERSION = YES;
				CLANG_WARN_INT_CONVERSION = YES;
				CLANG_WARN_OBJC_ROOT_CLASS = YES_ERROR;
				CLANG_WARN_UNREACHABLE_CODE = YES;
				CLANG_WARN__DUPLICATE_METHOD_MATCH = YES;
				"CODE_SIGN_IDENTITY[sdk=iphoneos*]" = "iPhone Developer";
				COPY_PHASE_STRIP = YES;
				ENABLE_NS_ASSERTIONS = NO;
				ENABLE_STRICT_OBJC_MSGSEND = YES;
				GCC_C_LANGUAGE_STANDARD = gnu99;
				GCC_WARN_64_TO_32_BIT_CONVERSION = YES;
				GCC_WARN_ABOUT_RETURN_TYPE = YES_ERROR;
				GCC_WARN_UNDECLARED_SELECTOR = YES;
				GCC_WARN_UNINITIALIZED_AUTOS = YES_AGGRESSIVE;
				GCC_WARN_UNUSED_FUNCTION = YES;
				GCC_WARN_UNUSED_VARIABLE = YES;
				IPHONEOS_DEPLOYMENT_TARGET = 8.1;
				MTL_ENABLE_DEBUG_INFO = NO;
				SDKROOT = iphoneos;
				TARGETED_DEVICE_FAMILY = "1,2";
				VALIDATE_PRODUCT = YES;
			};
			name = Release;
		};
		0924AA801A4481E4005A3ECE /* Debug */ = {
			isa = XCBuildConfiguration;
			buildSettings = {
				ASSETCATALOG_COMPILER_APPICON_NAME = AppIcon;
				ASSETCATALOG_COMPILER_LAUNCHIMAGE_NAME = LaunchImage;
				INFOPLIST_FILE = multiplicationTable/Info.plist;
				IPHONEOS_DEPLOYMENT_TARGET = 7.1;
				LD_RUNPATH_SEARCH_PATHS = "$(inherited) @executable_path/Frameworks";
				PRODUCT_NAME = "$(TARGET_NAME)";
			};
			name = Debug;
		};
		0924AA811A4481E4005A3ECE /* Release */ = {
			isa = XCBuildConfiguration;
			buildSettings = {
				ASSETCATALOG_COMPILER_APPICON_NAME = AppIcon;
				ASSETCATALOG_COMPILER_LAUNCHIMAGE_NAME = LaunchImage;
				INFOPLIST_FILE = multiplicationTable/Info.plist;
				IPHONEOS_DEPLOYMENT_TARGET = 7.1;
				LD_RUNPATH_SEARCH_PATHS = "$(inherited) @executable_path/Frameworks";
				PRODUCT_NAME = "$(TARGET_NAME)";
			};
			name = Release;
		};
		0924AA831A4481E4005A3ECE /* Debug */ = {
			isa = XCBuildConfiguration;
			buildSettings = {
				BUNDLE_LOADER = "$(TEST_HOST)";
				FRAMEWORK_SEARCH_PATHS = (
					"$(SDKROOT)/Developer/Library/Frameworks",
					"$(inherited)",
				);
				GCC_PREPROCESSOR_DEFINITIONS = (
					"DEBUG=1",
					"$(inherited)",
				);
				INFOPLIST_FILE = multiplicationTableTests/Info.plist;
				LD_RUNPATH_SEARCH_PATHS = "$(inherited) @executable_path/Frameworks @loader_path/Frameworks";
				PRODUCT_NAME = "$(TARGET_NAME)";
				TEST_HOST = "$(BUILT_PRODUCTS_DIR)/multiplicationTable.app/multiplicationTable";
			};
			name = Debug;
		};
		0924AA841A4481E4005A3ECE /* Release */ = {
			isa = XCBuildConfiguration;
			buildSettings = {
				BUNDLE_LOADER = "$(TEST_HOST)";
				FRAMEWORK_SEARCH_PATHS = (
					"$(SDKROOT)/Developer/Library/Frameworks",
					"$(inherited)",
				);
				INFOPLIST_FILE = multiplicationTableTests/Info.plist;
				LD_RUNPATH_SEARCH_PATHS = "$(inherited) @executable_path/Frameworks @loader_path/Frameworks";
				PRODUCT_NAME = "$(TARGET_NAME)";
				TEST_HOST = "$(BUILT_PRODUCTS_DIR)/multiplicationTable.app/multiplicationTable";
			};
			name = Release;
		};
/* End XCBuildConfiguration section */

/* Begin XCConfigurationList section */
		0924AA571A4481E4005A3ECE /* Build configuration list for PBXProject "multiplicationTable" */ = {
			isa = XCConfigurationList;
			buildConfigurations = (
				0924AA7D1A4481E4005A3ECE /* Debug */,
				0924AA7E1A4481E4005A3ECE /* Release */,
			);
			defaultConfigurationIsVisible = 0;
			defaultConfigurationName = Release;
		};
		0924AA7F1A4481E4005A3ECE /* Build configuration list for PBXNativeTarget "multiplicationTable" */ = {
			isa = XCConfigurationList;
			buildConfigurations = (
				0924AA801A4481E4005A3ECE /* Debug */,
				0924AA811A4481E4005A3ECE /* Release */,
			);
			defaultConfigurationIsVisible = 0;
			defaultConfigurationName = Release;
		};
		0924AA821A4481E4005A3ECE /* Build configuration list for PBXNativeTarget "multiplicationTableTests" */ = {
			isa = XCConfigurationList;
			buildConfigurations = (
				0924AA831A4481E4005A3ECE /* Debug */,
				0924AA841A4481E4005A3ECE /* Release */,
			);
			defaultConfigurationIsVisible = 0;
			defaultConfigurationName = Release;
		};
/* End XCConfigurationList section */
	};
	rootObject = 0924AA541A4481E4005A3ECE /* Project object */;
}
